
Microsoft Visual Studio Solution File, Format Version 12.00
# Visual Studio 14
VisualStudioVersion = 14.0.25420.1
MinimumVisualStudioVersion = 10.0.40219.1
Project("{FAE04EC0-301F-11D3-BF4B-00C04F79EFBC}") = "EJ2_MVC_Grid_Copy_Paste", "EJ2_MVC_Grid_Copy_Paste\EJ2_MVC_Grid_Copy_Paste.csproj", "{F9B7C2E7-933C-4668-BDF0-F38EC84BFD7C}"
EndProject
Global
	GlobalSection(SolutionConfigurationPlatforms) = preSolution
		Debug|Any CPU = Debug|Any CPU
		Release|Any CPU = Release|Any CPU
	EndGlobalSection
	GlobalSection(ProjectConfigurationPlatforms) = postSolution
		{F9B7C2E7-933C-4668-BDF0-F38EC84BFD7C}.Debug|Any CPU.ActiveCfg = Debug|Any CPU
		{F9B7C2E7-933C-4668-BDF0-F38EC84BFD7C}.Debug|Any CPU.Build.0 = Debug|Any CPU
		{F9B7C2E7-933C-4668-BDF0-F38EC84BFD7C}.Release|Any CPU.ActiveCfg = Release|Any CPU
		{F9B7C2E7-933C-4668-BDF0-F38EC84BFD7C}.Release|Any CPU.Build.0 = Release|Any CPU
	EndGlobalSection
	GlobalSection(SolutionProperties) = preSolution
		HideSolutionNode = FALSE
	EndGlobalSection
EndGlobal
